
Microsoft Visual Studio Solution File, Format Version 12.00
# Visual Studio Version 16
VisualStudioVersion = 16.0.29911.84
MinimumVisualStudioVersion = 10.0.40219.1
Project("{FAE04EC0-301F-11D3-BF4B-00C04F79EFBC}") = "La fragrance", "La fragrance\La fragrance.csproj", "{A7DD679F-72AD-44B6-AB4C-D810F4DF391D}"
EndProject
Global
	GlobalSection(SolutionConfigurationPlatforms) = preSolution
		Debug|Any CPU = Debug|Any CPU
		Release|Any CPU = Release|Any CPU
	EndGlobalSection
	GlobalSection(ProjectConfigurationPlatforms) = postSolution
		{A7DD679F-72AD-44B6-AB4C-D810F4DF391D}.Debug|Any CPU.ActiveCfg = Debug|Any CPU
		{A7DD679F-72AD-44B6-AB4C-D810F4DF391D}.Debug|Any CPU.Build.0 = Debug|Any CPU
		{A7DD679F-72AD-44B6-AB4C-D810F4DF391D}.Release|Any CPU.ActiveCfg = Release|Any CPU
		{A7DD679F-72AD-44B6-AB4C-D810F4DF391D}.Release|Any CPU.Build.0 = Release|Any CPU
	EndGlobalSection
	GlobalSection(SolutionProperties) = preSolution
		HideSolutionNode = FALSE
	EndGlobalSection
	GlobalSection(ExtensibilityGlobals) = postSolution
		SolutionGuid = {FE63808A-324A-4F93-BD62-9445C6B63990}
	EndGlobalSection
EndGlobal
